# THIS IS AN AUTOGENERATED FILE. DO NOT EDIT THIS FILE DIRECTLY.
# yarn lockfile v1


"@cronvel/get-pixels@^3.4.0":
  version "3.4.1"
  resolved "https://registry.npmjs.org/@cronvel/get-pixels/-/get-pixels-3.4.1.tgz"
  integrity sha512-gB5C5nDIacLUdsMuW8YsM9SzK3vaFANe4J11CVXpovpy7bZUGrcJKmc6m/0gWG789pKr6XSZY2aEetjFvSRw5g==
  dependencies:
    jpeg-js "^0.4.4"
    ndarray "^1.0.19"
    ndarray-pack "^1.1.1"
    node-bitmap "0.0.1"
    omggif "^1.0.10"
    pngjs "^6.0.0"

"@discordjs/collection@^0.1.6":
  version "0.1.6"
  resolved "https://registry.npmjs.org/@discordjs/collection/-/collection-0.1.6.tgz"
  integrity sha512-utRNxnd9kSS2qhyivo9lMlt5qgAUasH2gb7BEOn6p0efFh24gjGomHzWKMAPn2hEReOPQZCJaRKoURwRotKucQ==

"@discordjs/form-data@^3.0.1":
  version "3.0.1"
  resolved "https://registry.npmjs.org/@discordjs/form-data/-/form-data-3.0.1.tgz"
  integrity sha512-ZfFsbgEXW71Rw/6EtBdrP5VxBJy4dthyC0tpQKGKmYFImlmmrykO14Za+BiIVduwjte0jXEBlhSKf0MWbFp9Eg==
  dependencies:
    asynckit "^0.4.0"
    combined-stream "^1.0.8"
    mime-types "^2.1.12"

abort-controller@^3.0.0:
  version "3.0.0"
  resolved "https://registry.npmjs.org/abort-controller/-/abort-controller-3.0.0.tgz"
  integrity sha512-h8lQ8tacZYnR3vNQTgibj+tODHI5/+l06Au2Pcriv/Gmet0eaj4TwWH41sO9wnHDiQsEj19q0drzdWdeAHtweg==
  dependencies:
    event-target-shim "^5.0.0"

all@^0.0.0:
  version "0.0.0"
  resolved "https://registry.npmjs.org/all/-/all-0.0.0.tgz"
  integrity sha512-0oKlfNVv2d+d7c1gwjGspzgbwot47PGQ4b3v1ccx4mR8l9P/Y6E6Dr/yE8lNT63EcAKEbHo6UG3odDpC/NQcKw==

aos-animations@^0.0.7:
  version "0.0.7"
  resolved "https://registry.npmjs.org/aos-animations/-/aos-animations-0.0.7.tgz"
  integrity sha512-MR6KtemXGmIW/bMlNkho12g34jZTdOvEM//KrZVZd1aL+vhO7Ssg87xbtG4zJD1I+z/zl53yEZkmZtnVxEoc4Q==

aos@^2.3.4:
  version "2.3.4"
  resolved "https://registry.npmjs.org/aos/-/aos-2.3.4.tgz"
  integrity sha512-zh/ahtR2yME4I51z8IttIt4lC1Nw0ktsFtmeDzID1m9naJnWXhCoARaCgNOGXb5CLy3zm+wqmRAEgMYB5E2HUw==
  dependencies:
    classlist-polyfill "^1.0.3"
    lodash.debounce "^4.0.6"
    lodash.throttle "^4.0.1"

asos@^1.1.4:
  version "1.1.4"
  resolved "https://registry.npmjs.org/asos/-/asos-1.1.4.tgz"
  integrity sha512-gJqQuEHIDDye4PmJW1V+5Fm1rlYr8WTLgNEmECBKbedEKbDLO48acTRewyKVClAY6x1jhvOFIKuXovgFK6Yfkw==
  dependencies:
    "@discordjs/collection" "^0.1.6"
    "@discordjs/form-data" "^3.0.1"
    abort-controller "^3.0.0"
    node-fetch "^2.6.1"
    prism-media "^1.2.2"
    setimmediate "^1.0.5"
    terminal-kit "^1.44.3"
    tweetnacl "^1.0.3"
    ws "^7.3.1"

asynckit@^0.4.0:
  version "0.4.0"
  resolved "https://registry.npmjs.org/asynckit/-/asynckit-0.4.0.tgz"
  integrity sha512-Oei9OH4tRh0YqU3GxhX79dM/mwVgvbZJaSNaRk+bshkj0S5cfHcgYakreBjrHwatXKbz+IoIdYLxrKim2MjW0Q==

chroma-js@^2.1.0:
  version "2.4.2"
  resolved "https://registry.npmjs.org/chroma-js/-/chroma-js-2.4.2.tgz"
  integrity sha512-U9eDw6+wt7V8z5NncY2jJfZa+hUH8XEj8FQHgFJTrUFnJfXYf4Ml4adI2vXZOjqRDpFWtYVWypDfZwnJ+HIR4A==

classlist-polyfill@^1.0.3:
  version "1.2.0"
  resolved "https://registry.npmjs.org/classlist-polyfill/-/classlist-polyfill-1.2.0.tgz"
  integrity sha512-GzIjNdcEtH4ieA2S8NmrSxv7DfEV5fmixQeyTmqmRmRJPGpRBaSnA2a0VrCjyT8iW8JjEdMbKzDotAJf+ajgaQ==

combined-stream@^1.0.8:
  version "1.0.8"
  resolved "https://registry.npmjs.org/combined-stream/-/combined-stream-1.0.8.tgz"
  integrity sha512-FQN4MRfuJeHf7cBbBMJFXhKSDq+2kAArBlmRBvcvFE5BB1HZKXtSFASDhdlz9zOYwxh8lDdnvmMOe/+5cdoEdg==
  dependencies:
    delayed-stream "~1.0.0"

cwise-compiler@^1.1.2:
  version "1.1.3"
  resolved "https://registry.npmjs.org/cwise-compiler/-/cwise-compiler-1.1.3.tgz"
  integrity sha512-WXlK/m+Di8DMMcCjcWr4i+XzcQra9eCdXIJrgh4TUgh0pIS/yJduLxS9JgefsHJ/YVLdgPtXm9r62W92MvanEQ==
  dependencies:
    uniq "^1.0.0"

delayed-stream@~1.0.0:
  version "1.0.0"
  resolved "https://registry.npmjs.org/delayed-stream/-/delayed-stream-1.0.0.tgz"
  integrity sha512-ZySD7Nf91aLB0RxL4KGrKHBXl7Eds1DAmEdcoVawXnLD7SDhpNgtuII2aAkg7a7QS41jxPSZ17p4VdGnMHk3MQ==

event-target-shim@^5.0.0:
  version "5.0.1"
  resolved "https://registry.npmjs.org/event-target-shim/-/event-target-shim-5.0.1.tgz"
  integrity sha512-i/2XbnSz/uxRCU6+NdVJgKWDTM427+MqYbkQzD321DuCQJUqOuJKIA0IM2+W2xtYHdKOmZ4dR6fExsd4SXL+WQ==

iota-array@^1.0.0:
  version "1.0.0"
  resolved "https://registry.npmjs.org/iota-array/-/iota-array-1.0.0.tgz"
  integrity sha512-pZ2xT+LOHckCatGQ3DcG/a+QuEqvoxqkiL7tvE8nn3uuu+f6i1TtpB5/FtWFbxUuVr5PZCx8KskuGatbJDXOWA==

is-buffer@^1.0.2:
  version "1.1.6"
  resolved "https://registry.npmjs.org/is-buffer/-/is-buffer-1.1.6.tgz"
  integrity sha512-NcdALwpXkTm5Zvvbk7owOUSvVvBKDgKP5/ewfXEznmQFfs4ZRmanOeKBTjRVjka3QFoN6XJ+9F3USqfHqTaU5w==

jpeg-js@^0.4.4:
  version "0.4.4"
  resolved "https://registry.npmjs.org/jpeg-js/-/jpeg-js-0.4.4.tgz"
  integrity sha512-WZzeDOEtTOBK4Mdsar0IqEU5sMr3vSV2RqkAIzUEV2BHnUfKGyswWFPFwK5EeDo93K3FohSHbLAjj0s1Wzd+dg==

lazyness@^1.2.0:
  version "1.2.0"
  resolved "https://registry.npmjs.org/lazyness/-/lazyness-1.2.0.tgz"
  integrity sha512-KenL6EFbwxBwRxG93t0gcUyi0Nw0Ub31FJKN1laA4UscdkL1K1AxUd0gYZdcLU3v+x+wcFi4uQKS5hL+fk500g==

lodash.debounce@^4.0.6:
  version "4.0.8"
  resolved "https://registry.npmjs.org/lodash.debounce/-/lodash.debounce-4.0.8.tgz"
  integrity sha512-FT1yDzDYEoYWhnSGnpE/4Kj1fLZkDFyqRb7fNt6FdYOSxlUWAtp42Eh6Wb0rGIv/m9Bgo7x4GhQbm5Ys4SG5ow==

lodash.throttle@^4.0.1:
  version "4.1.1"
  resolved "https://registry.npmjs.org/lodash.throttle/-/lodash.throttle-4.1.1.tgz"
  integrity sha512-wIkUCfVKpVsWo3JSZlc+8MB5it+2AN5W8J7YVMST30UrvcQNZ1Okbj+rbVniijTWE6FGYy4XJq/rHkas8qJMLQ==

mime-db@1.52.0:
  version "1.52.0"
  resolved "https://registry.npmjs.org/mime-db/-/mime-db-1.52.0.tgz"
  integrity sha512-sPU4uV7dYlvtWJxwwxHD0PuihVNiE7TyAbQ5SWxDCB9mUYvOgroQOwYQQOKPJ8CIbE+1ETVlOoK1UC2nU3gYvg==

mime-types@^2.1.12:
  version "2.1.35"
  resolved "https://registry.npmjs.org/mime-types/-/mime-types-2.1.35.tgz"
  integrity sha512-ZDY+bPm5zTTF+YpCrAU9nK0UgICYPT0QtT1NZWFv4s++TNkcgVaT0g6+4R2uI4MjQjzysHB1zxuWL50hzaeXiw==
  dependencies:
    mime-db "1.52.0"

ndarray-pack@^1.1.1:
  version "1.2.1"
  resolved "https://registry.npmjs.org/ndarray-pack/-/ndarray-pack-1.2.1.tgz"
  integrity sha512-51cECUJMT0rUZNQa09EoKsnFeDL4x2dHRT0VR5U2H5ZgEcm95ZDWcMA5JShroXjHOejmAD/fg8+H+OvUnVXz2g==
  dependencies:
    cwise-compiler "^1.1.2"
    ndarray "^1.0.13"

ndarray@^1.0.13, ndarray@^1.0.19:
  version "1.0.19"
  resolved "https://registry.npmjs.org/ndarray/-/ndarray-1.0.19.tgz"
  integrity sha512-B4JHA4vdyZU30ELBw3g7/p9bZupyew5a7tX1Y/gGeF2hafrPaQZhgrGQfsvgfYbgdFZjYwuEcnaobeM/WMW+HQ==
  dependencies:
    iota-array "^1.0.0"
    is-buffer "^1.0.2"

nextgen-events@^1.3.4:
  version "1.5.3"
  resolved "https://registry.npmjs.org/nextgen-events/-/nextgen-events-1.5.3.tgz"
  integrity sha512-P6qw6kenNXP+J9XlKJNi/MNHUQ+Lx5K8FEcSfX7/w8KJdZan5+BB5MKzuNgL2RTjHG1Svg8SehfseVEp8zAqwA==

node-bitmap@0.0.1:
  version "0.0.1"
  resolved "https://registry.npmjs.org/node-bitmap/-/node-bitmap-0.0.1.tgz"
  integrity sha512-Jx5lPaaLdIaOsj2mVLWMWulXF6GQVdyLvNSxmiYCvZ8Ma2hfKX0POoR2kgKOqz+oFsRreq0yYZjQ2wjE9VNzCA==

node-fetch@^2.6.1:
  version "2.6.9"
  resolved "https://registry.npmjs.org/node-fetch/-/node-fetch-2.6.9.tgz"
  integrity sha512-DJm/CJkZkRjKKj4Zi4BsKVZh3ValV5IR5s7LVZnW+6YMh0W1BfNA8XSs6DLMGYlId5F3KnA70uu2qepcR08Qqg==
  dependencies:
    whatwg-url "^5.0.0"

omggif@^1.0.10:
  version "1.0.10"
  resolved "https://registry.npmjs.org/omggif/-/omggif-1.0.10.tgz"
  integrity sha512-LMJTtvgc/nugXj0Vcrrs68Mn2D1r0zf630VNtqtpI1FEO7e+O9FP4gqs9AcnBaSEeoHIPm28u6qgPR0oyEpGSw==

pngjs@^6.0.0:
  version "6.0.0"
  resolved "https://registry.npmjs.org/pngjs/-/pngjs-6.0.0.tgz"
  integrity sha512-TRzzuFRRmEoSW/p1KVAmiOgPco2Irlah+bGFCeNfJXxxYGwSw7YwAOAcd7X28K/m5bjBWKsC29KyoMfHbypayg==

prism-media@^1.2.2:
  version "1.3.5"
  resolved "https://registry.npmjs.org/prism-media/-/prism-media-1.3.5.tgz"
  integrity sha512-IQdl0Q01m4LrkN1EGIE9lphov5Hy7WWlH6ulf5QdGePLlPas9p2mhgddTEHrlaXYjjFToM1/rWuwF37VF4taaA==

setimmediate@^1.0.5:
  version "1.0.5"
  resolved "https://registry.npmjs.org/setimmediate/-/setimmediate-1.0.5.tgz"
  integrity sha512-MATJdZp8sLqDl/68LfQmbP8zKPLQNV6BIZoIgrscFDQ+RsvK/BxeDQOgyxKKoh0y/8h3BqVFnCqQ/gd+reiIXA==

seventh@^0.7.40:
  version "0.7.40"
  resolved "https://registry.npmjs.org/seventh/-/seventh-0.7.40.tgz"
  integrity sha512-7sxUydQx4iEh17uJUFjZDAwbffJirldZaNIJvVB/hk9mPEL3J4GpLGSL+mHFH2ydkye46DAsLGqzFJ+/Qj5foQ==
  dependencies:
    setimmediate "^1.0.5"

string-kit@^0.11.9:
  version "0.11.10"
  resolved "https://registry.npmjs.org/string-kit/-/string-kit-0.11.10.tgz"
  integrity sha512-ATVmIpMrqxPFNiNQTnmEeXzt3743O6DubJWh2MiAQV1ifKd4PcCjBcybCdb0ENnPO1T6asORK9nOpygn1BATag==

terminal-kit@^1.44.3:
  version "1.49.4"
  resolved "https://registry.npmjs.org/terminal-kit/-/terminal-kit-1.49.4.tgz"
  integrity sha512-ehoNOk7xB/QBVX38P2kpoLip+s4Tlb6qYDBAoLg/rdRrrtRlDgs97a9MG0xU1IGq/Qpn47n1rwb5fWbM/Bprag==
  dependencies:
    "@cronvel/get-pixels" "^3.4.0"
    chroma-js "^2.1.0"
    lazyness "^1.2.0"
    ndarray "^1.0.19"
    nextgen-events "^1.3.4"
    seventh "^0.7.40"
    string-kit "^0.11.9"
    tree-kit "^0.7.0"

tr46@~0.0.3:
  version "0.0.3"
  resolved "https://registry.npmjs.org/tr46/-/tr46-0.0.3.tgz"
  integrity sha512-N3WMsuqV66lT30CrXNbEjx4GEwlow3v6rr4mCcv6prnfwhS01rkgyFdjPNBYd9br7LpXV1+Emh01fHnq2Gdgrw==

tree-kit@^0.7.0:
  version "0.7.4"
  resolved "https://registry.npmjs.org/tree-kit/-/tree-kit-0.7.4.tgz"
  integrity sha512-Of3tPmVs3b6BhzyUJ7t0olisf47kYr9qAm0XaUpURMjdBn6TwiVaaMuTFoKkkvPGojd9trKAHlrGGcGKcdR1DA==

tweetnacl@^1.0.3:
  version "1.0.3"
  resolved "https://registry.npmjs.org/tweetnacl/-/tweetnacl-1.0.3.tgz"
  integrity sha512-6rt+RN7aOi1nGMyC4Xa5DdYiukl2UWCbcJft7YhxReBGQD7OAM8Pbxw6YMo4r2diNEA8FEmu32YOn9rhaiE5yw==

uniq@^1.0.0:
  version "1.0.1"
  resolved "https://registry.npmjs.org/uniq/-/uniq-1.0.1.tgz"
  integrity sha512-Gw+zz50YNKPDKXs+9d+aKAjVwpjNwqzvNpLigIruT4HA9lMZNdMqs9x07kKHB/L9WRzqp4+DlTU5s4wG2esdoA==

webidl-conversions@^3.0.0:
  version "3.0.1"
  resolved "https://registry.npmjs.org/webidl-conversions/-/webidl-conversions-3.0.1.tgz"
  integrity sha512-2JAn3z8AR6rjK8Sm8orRC0h/bcl/DqL7tRPdGZ4I1CjdF+EaMLmYxBHyXuKL849eucPFhvBoxMsflfOb8kxaeQ==

whatwg-url@^5.0.0:
  version "5.0.0"
  resolved "https://registry.npmjs.org/whatwg-url/-/whatwg-url-5.0.0.tgz"
  integrity sha512-saE57nupxk6v3HY35+jzBwYa0rKSy0XR8JSxZPwgLr7ys0IBzhGviA1/TUGJLmSVqs8pb9AnvICXEuOHLprYTw==
  dependencies:
    tr46 "~0.0.3"
    webidl-conversions "^3.0.0"

ws@^7.3.1:
  version "7.5.9"
  resolved "https://registry.npmjs.org/ws/-/ws-7.5.9.tgz"
  integrity sha512-F+P9Jil7UiSKSkppIiD94dN07AwvFixvLIj1Og1Rl9GGMuNipJnV9JzjD6XuqmAeiswGvUmNLjr5cFuXwNS77Q==
